<?xml version="1.0" encoding="utf-8"?>
<Project ToolsVersion="4.0" xmlns="http://schemas.microsoft.com/developer/msbuild/2003">
  <ItemGroup>
    <ClCompile Include="Source\Main\Main.cpp" />
    <ClCompile Include="Source\Scripts\IsometricCameraController.cpp" />
    <ClCompile Include="Source\Main\MainApp.cpp" />
    <ClCompile Include="Source\Core\pch.cpp" />
    <ClCompile Include="Source\Main\Actors.cpp" />
    <ClCompile Include="Source\Scripts\PointClickController.cpp" />
    <ClCompile Include="Source\Main\EditorApp.cpp" />
    <ClCompile Include="Source\Scripts\BlockPlacer.cpp" />
    <ClCompile Include="Source\UI\PaletteWidget.cpp" />
    <ClCompile Include="Source\Scripts\OneBlockScript.cpp" />
    <ClCompile Include="Source\UI\InventoryData.cpp" />
    <ClCompile Include="Source\UI\InventoryWidget.cpp" />
    <ClCompile Include="Source\Data\BlockDataTable.cpp" />
  </ItemGroup>
  <ItemGroup>
    <ClInclude Include="Source\Scripts\IsometricCameraController.h" />
    <ClInclude Include="Source\Main\MainApp.h" />
    <ClInclude Include="Source\Core\pch.h" />
    <ClInclude Include="Source\Main\Actors.h" />
    <ClInclude Include="Source\Scripts\PointClickController.h" />
    <ClInclude Include="Source\Main\EditorApp.h" />
    <ClInclude Include="Source\Scripts\BlockPlacer.h" />
    <ClInclude Include="Source\UI\PaletteWidget.h" />
    <ClInclude Include="Source\Scripts\OneBlockScript.h" />
    <ClInclude Include="Source\UI\InventoryData.h" />
    <ClInclude Include="Source\UI\InventoryWidget.h" />
    <ClInclude Include="Source\Data\BlockDataTable.h" />
  </ItemGroup>
</Project>