<?xml version="1.0" encoding="utf-8"?>
<Project ToolsVersion="4.0" xmlns="http://schemas.microsoft.com/developer/msbuild/2003">
  <ItemGroup>
    <ClCompile Include="Application.cpp">
      <Filter>01. App</Filter>
    </ClCompile>
    <ClCompile Include="Framework.cpp">
      <Filter>00. Main</Filter>
    </ClCompile>
    <ClCompile Include="Main.cpp">
      <Filter>00. Main</Filter>
    </ClCompile>
    <ClCompile Include="VertexBuffer.cpp">
      <Filter>03. Pipeline</Filter>
    </ClCompile>
    <ClCompile Include="Graphics.cpp">
      <Filter>02. Graphics</Filter>
    </ClCompile>
    <ClCompile Include="IndexBuffer.cpp">
      <Filter>03. Pipeline</Filter>
    </ClCompile>
    <ClCompile Include="Shader.cpp">
      <Filter>02. Graphics</Filter>
    </ClCompile>
    <ClCompile Include="ConstantBuffer.cpp" />
  </ItemGroup>
  <ItemGroup>
    <Filter Include="00. Main">
      <UniqueIdentifier>{76285fa8-462a-4334-a2c0-969c25186d2c}</UniqueIdentifier>
    </Filter>
    <Filter Include="01. App">
      <UniqueIdentifier>{f3d292aa-03e9-4e3c-a9dc-5809aae00ece}</UniqueIdentifier>
    </Filter>
    <Filter Include="02. Graphics">
      <UniqueIdentifier>{58b30aba-4a10-46ec-9d29-764710a80886}</UniqueIdentifier>
    </Filter>
    <Filter Include="03. Pipeline">
      <UniqueIdentifier>{8000630c-1d15-416d-8d59-09b0347c1076}</UniqueIdentifier>
    </Filter>
    <Filter Include="04. Resource">
      <UniqueIdentifier>{ed25742b-c6a8-498f-ac41-718b7134ba0a}</UniqueIdentifier>
    </Filter>
    <Filter Include="05. Object">
      <UniqueIdentifier>{f4ba7009-d672-4f39-96eb-c2dbfb2d534e}</UniqueIdentifier>
    </Filter>
    <Filter Include="06. Utils">
      <UniqueIdentifier>{6760dc04-c99d-4bde-bf60-e99900f6eeca}</UniqueIdentifier>
    </Filter>
    <Filter Include="99. Shaders">
      <UniqueIdentifier>{7e2e0f35-1038-4f8f-8fde-0c9496d259a8}</UniqueIdentifier>
    </Filter>
    <Filter Include="06. Utils\imGUI">
      <UniqueIdentifier>{b20367a2-cce0-4f49-9e1c-2acdc7940e96}</UniqueIdentifier>
    </Filter>
  </ItemGroup>
  <ItemGroup>
    <ClInclude Include="Application.h">
      <Filter>01. App</Filter>
    </ClInclude>
    <ClInclude Include="Framework.h">
      <Filter>00. Main</Filter>
    </ClInclude>
    <ClInclude Include="VertexBuffer.h">
      <Filter>03. Pipeline</Filter>
    </ClInclude>
    <ClInclude Include="Graphics.h">
      <Filter>02. Graphics</Filter>
    </ClInclude>
    <ClInclude Include="IndexBuffer.h">
      <Filter>03. Pipeline</Filter>
    </ClInclude>
    <ClInclude Include="Shader.h">
      <Filter>02. Graphics</Filter>
    </ClInclude>
    <ClInclude Include="ConstantBuffer.h" />
  </ItemGroup>
  <ItemGroup>
    <FxCompile Include="Default.hlsl">
      <Filter>99. Shaders</Filter>
    </FxCompile>
  </ItemGroup>
  <ItemGroup>
    <None Include="packages.config" />
  </ItemGroup>
</Project>